
Microsoft Visual Studio Solution File, Format Version 12.00
# Visual Studio Version 17
VisualStudioVersion = 17.0.31903.59
MinimumVisualStudioVersion = 10.0.40219.1
Project("{FAE04EC0-301F-11D3-BF4B-00C04F79EFBC}") = "XamarinFinal.UWP", "XamarinFinal\XamarinFinal.UWP\XamarinFinal.UWP.csproj", "{344F63D9-6137-4759-BC25-3812C87E4A46}"
EndProject
Project("{FAE04EC0-301F-11D3-BF4B-00C04F79EFBC}") = "XamarinFinal.Android", "XamarinFinal\XamarinFinal.Android\XamarinFinal.Android.csproj", "{C70AC2AA-4AA4-49C3-AFCC-6EC677E693BB}"
EndProject
Project("{FAE04EC0-301F-11D3-BF4B-00C04F79EFBC}") = "XamarinFinal.iOS", "XamarinFinal\XamarinFinal.iOS\XamarinFinal.iOS.csproj", "{98579663-C6B5-46A5-A58F-EA1D784865F3}"
EndProject
Project("{9A19103F-16F7-4668-BE54-9A1E7A4F7556}") = "XamarinFinal", "XamarinFinal\XamarinFinal\XamarinFinal.csproj", "{C47AAF30-D2BB-49F2-A43F-5278B507ED77}"
EndProject
Project("{2150E333-8FDC-42A3-9474-1A3956D46DE8}") = "Solution Items", "Solution Items", "{1AE3F82F-34B7-468F-A217-5F1A83A5009C}"
EndProject
Project("{FAE04EC0-301F-11D3-BF4B-00C04F79EFBC}") = "Tests", "Tests\Tests.csproj", "{54B6F35E-DFAE-4A6F-8919-5A8F067B17C4}"
EndProject
Global
	GlobalSection(SolutionConfigurationPlatforms) = preSolution
		Debug|Any CPU = Debug|Any CPU
		Debug|ARM = Debug|ARM
		Debug|iPhone = Debug|iPhone
		Debug|iPhoneSimulator = Debug|iPhoneSimulator
		Debug|x64 = Debug|x64
		Debug|x86 = Debug|x86
		Release|Any CPU = Release|Any CPU
		Release|ARM = Release|ARM
		Release|iPhone = Release|iPhone
		Release|iPhoneSimulator = Release|iPhoneSimulator
		Release|x64 = Release|x64
		Release|x86 = Release|x86
	EndGlobalSection
	GlobalSection(ProjectConfigurationPlatforms) = postSolution
		{344F63D9-6137-4759-BC25-3812C87E4A46}.Debug|Any CPU.ActiveCfg = Debug|x64
		{344F63D9-6137-4759-BC25-3812C87E4A46}.Debug|Any CPU.Build.0 = Debug|x64
		{344F63D9-6137-4759-BC25-3812C87E4A46}.Debug|Any CPU.Deploy.0 = Debug|x64
		{344F63D9-6137-4759-BC25-3812C87E4A46}.Debug|ARM.ActiveCfg = Debug|ARM
		{344F63D9-6137-4759-BC25-3812C87E4A46}.Debug|ARM.Build.0 = Debug|ARM
		{344F63D9-6137-4759-BC25-3812C87E4A46}.Debug|ARM.Deploy.0 = Debug|ARM
		{344F63D9-6137-4759-BC25-3812C87E4A46}.Debug|iPhone.ActiveCfg = Debug|x64
		{344F63D9-6137-4759-BC25-3812C87E4A46}.Debug|iPhone.Build.0 = Debug|x64
		{344F63D9-6137-4759-BC25-3812C87E4A46}.Debug|iPhone.Deploy.0 = Debug|x64
		{344F63D9-6137-4759-BC25-3812C87E4A46}.Debug|iPhoneSimulator.ActiveCfg = Debug|x64
		{344F63D9-6137-4759-BC25-3812C87E4A46}.Debug|iPhoneSimulator.Build.0 = Debug|x64
		{344F63D9-6137-4759-BC25-3812C87E4A46}.Debug|iPhoneSimulator.Deploy.0 = Debug|x64
		{344F63D9-6137-4759-BC25-3812C87E4A46}.Debug|x64.ActiveCfg = Debug|x64
		{344F63D9-6137-4759-BC25-3812C87E4A46}.Debug|x64.Build.0 = Debug|x64
		{344F63D9-6137-4759-BC25-3812C87E4A46}.Debug|x64.Deploy.0 = Debug|x64
		{344F63D9-6137-4759-BC25-3812C87E4A46}.Debug|x86.ActiveCfg = Debug|x86
		{344F63D9-6137-4759-BC25-3812C87E4A46}.Debug|x86.Build.0 = Debug|x86
		{344F63D9-6137-4759-BC25-3812C87E4A46}.Debug|x86.Deploy.0 = Debug|x86
		{344F63D9-6137-4759-BC25-3812C87E4A46}.Release|Any CPU.ActiveCfg = Release|x64
		{344F63D9-6137-4759-BC25-3812C87E4A46}.Release|Any CPU.Build.0 = Release|x64
		{344F63D9-6137-4759-BC25-3812C87E4A46}.Release|Any CPU.Deploy.0 = Release|x64
		{344F63D9-6137-4759-BC25-3812C87E4A46}.Release|ARM.ActiveCfg = Release|ARM
		{344F63D9-6137-4759-BC25-3812C87E4A46}.Release|ARM.Build.0 = Release|ARM
		{344F63D9-6137-4759-BC25-3812C87E4A46}.Release|ARM.Deploy.0 = Release|ARM
		{344F63D9-6137-4759-BC25-3812C87E4A46}.Release|iPhone.ActiveCfg = Release|x64
		{344F63D9-6137-4759-BC25-3812C87E4A46}.Release|iPhone.Build.0 = Release|x64
		{344F63D9-6137-4759-BC25-3812C87E4A46}.Release|iPhone.Deploy.0 = Release|x64
		{344F63D9-6137-4759-BC25-3812C87E4A46}.Release|iPhoneSimulator.ActiveCfg = Release|x64
		{344F63D9-6137-4759-BC25-3812C87E4A46}.Release|iPhoneSimulator.Build.0 = Release|x64
		{344F63D9-6137-4759-BC25-3812C87E4A46}.Release|iPhoneSimulator.Deploy.0 = Release|x64
		{344F63D9-6137-4759-BC25-3812C87E4A46}.Release|x64.ActiveCfg = Release|x64
		{344F63D9-6137-4759-BC25-3812C87E4A46}.Release|x64.Build.0 = Release|x64
		{344F63D9-6137-4759-BC25-3812C87E4A46}.Release|x64.Deploy.0 = Release|x64
		{344F63D9-6137-4759-BC25-3812C87E4A46}.Release|x86.ActiveCfg = Release|x86
		{344F63D9-6137-4759-BC25-3812C87E4A46}.Release|x86.Build.0 = Release|x86
		{344F63D9-6137-4759-BC25-3812C87E4A46}.Release|x86.Deploy.0 = Release|x86
		{C70AC2AA-4AA4-49C3-AFCC-6EC677E693BB}.Debug|Any CPU.ActiveCfg = Debug|Any CPU
		{C70AC2AA-4AA4-49C3-AFCC-6EC677E693BB}.Debug|Any CPU.Build.0 = Debug|Any CPU
		{C70AC2AA-4AA4-49C3-AFCC-6EC677E693BB}.Debug|Any CPU.Deploy.0 = Debug|Any CPU
		{C70AC2AA-4AA4-49C3-AFCC-6EC677E693BB}.Debug|ARM.ActiveCfg = Debug|Any CPU
		{C70AC2AA-4AA4-49C3-AFCC-6EC677E693BB}.Debug|ARM.Build.0 = Debug|Any CPU
		{C70AC2AA-4AA4-49C3-AFCC-6EC677E693BB}.Debug|ARM.Deploy.0 = Debug|Any CPU
		{C70AC2AA-4AA4-49C3-AFCC-6EC677E693BB}.Debug|iPhone.ActiveCfg = Debug|Any CPU
		{C70AC2AA-4AA4-49C3-AFCC-6EC677E693BB}.Debug|iPhone.Build.0 = Debug|Any CPU
		{C70AC2AA-4AA4-49C3-AFCC-6EC677E693BB}.Debug|iPhone.Deploy.0 = Debug|Any CPU
		{C70AC2AA-4AA4-49C3-AFCC-6EC677E693BB}.Debug|iPhoneSimulator.ActiveCfg = Debug|Any CPU
		{C70AC2AA-4AA4-49C3-AFCC-6EC677E693BB}.Debug|iPhoneSimulator.Build.0 = Debug|Any CPU
		{C70AC2AA-4AA4-49C3-AFCC-6EC677E693BB}.Debug|iPhoneSimulator.Deploy.0 = Debug|Any CPU
		{C70AC2AA-4AA4-49C3-AFCC-6EC677E693BB}.Debug|x64.ActiveCfg = Debug|Any CPU
		{C70AC2AA-4AA4-49C3-AFCC-6EC677E693BB}.Debug|x64.Build.0 = Debug|Any CPU
		{C70AC2AA-4AA4-49C3-AFCC-6EC677E693BB}.Debug|x64.Deploy.0 = Debug|Any CPU
		{C70AC2AA-4AA4-49C3-AFCC-6EC677E693BB}.Debug|x86.ActiveCfg = Debug|Any CPU
		{C70AC2AA-4AA4-49C3-AFCC-6EC677E693BB}.Debug|x86.Build.0 = Debug|Any CPU
		{C70AC2AA-4AA4-49C3-AFCC-6EC677E693BB}.Debug|x86.Deploy.0 = Debug|Any CPU
		{C70AC2AA-4AA4-49C3-AFCC-6EC677E693BB}.Release|Any CPU.ActiveCfg = Release|Any CPU
		{C70AC2AA-4AA4-49C3-AFCC-6EC677E693BB}.Release|Any CPU.Build.0 = Release|Any CPU
		{C70AC2AA-4AA4-49C3-AFCC-6EC677E693BB}.Release|Any CPU.Deploy.0 = Release|Any CPU
		{C70AC2AA-4AA4-49C3-AFCC-6EC677E693BB}.Release|ARM.ActiveCfg = Release|Any CPU
		{C70AC2AA-4AA4-49C3-AFCC-6EC677E693BB}.Release|ARM.Build.0 = Release|Any CPU
		{C70AC2AA-4AA4-49C3-AFCC-6EC677E693BB}.Release|ARM.Deploy.0 = Release|Any CPU
		{C70AC2AA-4AA4-49C3-AFCC-6EC677E693BB}.Release|iPhone.ActiveCfg = Release|Any CPU
		{C70AC2AA-4AA4-49C3-AFCC-6EC677E693BB}.Release|iPhone.Build.0 = Release|Any CPU
		{C70AC2AA-4AA4-49C3-AFCC-6EC677E693BB}.Release|iPhone.Deploy.0 = Release|Any CPU
		{C70AC2AA-4AA4-49C3-AFCC-6EC677E693BB}.Release|iPhoneSimulator.ActiveCfg = Release|Any CPU
		{C70AC2AA-4AA4-49C3-AFCC-6EC677E693BB}.Release|iPhoneSimulator.Build.0 = Release|Any CPU
		{C70AC2AA-4AA4-49C3-AFCC-6EC677E693BB}.Release|iPhoneSimulator.Deploy.0 = Release|Any CPU
		{C70AC2AA-4AA4-49C3-AFCC-6EC677E693BB}.Release|x64.ActiveCfg = Release|Any CPU
		{C70AC2AA-4AA4-49C3-AFCC-6EC677E693BB}.Release|x64.Build.0 = Release|Any CPU
		{C70AC2AA-4AA4-49C3-AFCC-6EC677E693BB}.Release|x64.Deploy.0 = Release|Any CPU
		{C70AC2AA-4AA4-49C3-AFCC-6EC677E693BB}.Release|x86.ActiveCfg = Release|Any CPU
		{C70AC2AA-4AA4-49C3-AFCC-6EC677E693BB}.Release|x86.Build.0 = Release|Any CPU
		{C70AC2AA-4AA4-49C3-AFCC-6EC677E693BB}.Release|x86.Deploy.0 = Release|Any CPU
		{98579663-C6B5-46A5-A58F-EA1D784865F3}.Debug|Any CPU.ActiveCfg = Debug|iPhoneSimulator
		{98579663-C6B5-46A5-A58F-EA1D784865F3}.Debug|Any CPU.Build.0 = Debug|iPhoneSimulator
		{98579663-C6B5-46A5-A58F-EA1D784865F3}.Debug|Any CPU.Deploy.0 = Debug|iPhoneSimulator
		{98579663-C6B5-46A5-A58F-EA1D784865F3}.Debug|ARM.ActiveCfg = Debug|iPhoneSimulator
		{98579663-C6B5-46A5-A58F-EA1D784865F3}.Debug|ARM.Build.0 = Debug|iPhoneSimulator
		{98579663-C6B5-46A5-A58F-EA1D784865F3}.Debug|ARM.Deploy.0 = Debug|iPhoneSimulator
		{98579663-C6B5-46A5-A58F-EA1D784865F3}.Debug|iPhone.ActiveCfg = Debug|iPhone
		{98579663-C6B5-46A5-A58F-EA1D784865F3}.Debug|iPhone.Build.0 = Debug|iPhone
		{98579663-C6B5-46A5-A58F-EA1D784865F3}.Debug|iPhone.Deploy.0 = Debug|iPhone
		{98579663-C6B5-46A5-A58F-EA1D784865F3}.Debug|iPhoneSimulator.ActiveCfg = Debug|iPhoneSimulator
		{98579663-C6B5-46A5-A58F-EA1D784865F3}.Debug|iPhoneSimulator.Build.0 = Debug|iPhoneSimulator
		{98579663-C6B5-46A5-A58F-EA1D784865F3}.Debug|iPhoneSimulator.Deploy.0 = Debug|iPhoneSimulator
		{98579663-C6B5-46A5-A58F-EA1D784865F3}.Debug|x64.ActiveCfg = Debug|iPhone
		{98579663-C6B5-46A5-A58F-EA1D784865F3}.Debug|x64.Build.0 = Debug|iPhone
		{98579663-C6B5-46A5-A58F-EA1D784865F3}.Debug|x64.Deploy.0 = Debug|iPhone
		{98579663-C6B5-46A5-A58F-EA1D784865F3}.Debug|x86.ActiveCfg = Debug|iPhoneSimulator
		{98579663-C6B5-46A5-A58F-EA1D784865F3}.Debug|x86.Build.0 = Debug|iPhoneSimulator
		{98579663-C6B5-46A5-A58F-EA1D784865F3}.Debug|x86.Deploy.0 = Debug|iPhoneSimulator
		{98579663-C6B5-46A5-A58F-EA1D784865F3}.Release|Any CPU.ActiveCfg = Release|iPhoneSimulator
		{98579663-C6B5-46A5-A58F-EA1D784865F3}.Release|Any CPU.Build.0 = Release|iPhoneSimulator
		{98579663-C6B5-46A5-A58F-EA1D784865F3}.Release|Any CPU.Deploy.0 = Release|iPhoneSimulator
		{98579663-C6B5-46A5-A58F-EA1D784865F3}.Release|ARM.ActiveCfg = Release|iPhoneSimulator
		{98579663-C6B5-46A5-A58F-EA1D784865F3}.Release|ARM.Build.0 = Release|iPhoneSimulator
		{98579663-C6B5-46A5-A58F-EA1D784865F3}.Release|ARM.Deploy.0 = Release|iPhoneSimulator
		{98579663-C6B5-46A5-A58F-EA1D784865F3}.Release|iPhone.ActiveCfg = Release|iPhone
		{98579663-C6B5-46A5-A58F-EA1D784865F3}.Release|iPhone.Build.0 = Release|iPhone
		{98579663-C6B5-46A5-A58F-EA1D784865F3}.Release|iPhone.Deploy.0 = Release|iPhone
		{98579663-C6B5-46A5-A58F-EA1D784865F3}.Release|iPhoneSimulator.ActiveCfg = Release|iPhoneSimulator
		{98579663-C6B5-46A5-A58F-EA1D784865F3}.Release|iPhoneSimulator.Build.0 = Release|iPhoneSimulator
		{98579663-C6B5-46A5-A58F-EA1D784865F3}.Release|iPhoneSimulator.Deploy.0 = Release|iPhoneSimulator
		{98579663-C6B5-46A5-A58F-EA1D784865F3}.Release|x64.ActiveCfg = Release|iPhoneSimulator
		{98579663-C6B5-46A5-A58F-EA1D784865F3}.Release|x64.Build.0 = Release|iPhoneSimulator
		{98579663-C6B5-46A5-A58F-EA1D784865F3}.Release|x64.Deploy.0 = Release|iPhoneSimulator
		{98579663-C6B5-46A5-A58F-EA1D784865F3}.Release|x86.ActiveCfg = Release|iPhoneSimulator
		{98579663-C6B5-46A5-A58F-EA1D784865F3}.Release|x86.Build.0 = Release|iPhoneSimulator
		{98579663-C6B5-46A5-A58F-EA1D784865F3}.Release|x86.Deploy.0 = Release|iPhoneSimulator
		{C47AAF30-D2BB-49F2-A43F-5278B507ED77}.Debug|Any CPU.ActiveCfg = Debug|Any CPU
		{C47AAF30-D2BB-49F2-A43F-5278B507ED77}.Debug|Any CPU.Build.0 = Debug|Any CPU
		{C47AAF30-D2BB-49F2-A43F-5278B507ED77}.Debug|Any CPU.Deploy.0 = Debug|Any CPU
		{C47AAF30-D2BB-49F2-A43F-5278B507ED77}.Debug|ARM.ActiveCfg = Debug|Any CPU
		{C47AAF30-D2BB-49F2-A43F-5278B507ED77}.Debug|ARM.Build.0 = Debug|Any CPU
		{C47AAF30-D2BB-49F2-A43F-5278B507ED77}.Debug|ARM.Deploy.0 = Debug|Any CPU
		{C47AAF30-D2BB-49F2-A43F-5278B507ED77}.Debug|iPhone.ActiveCfg = Debug|Any CPU
		{C47AAF30-D2BB-49F2-A43F-5278B507ED77}.Debug|iPhone.Build.0 = Debug|Any CPU
		{C47AAF30-D2BB-49F2-A43F-5278B507ED77}.Debug|iPhone.Deploy.0 = Debug|Any CPU
		{C47AAF30-D2BB-49F2-A43F-5278B507ED77}.Debug|iPhoneSimulator.ActiveCfg = Debug|Any CPU
		{C47AAF30-D2BB-49F2-A43F-5278B507ED77}.Debug|iPhoneSimulator.Build.0 = Debug|Any CPU
		{C47AAF30-D2BB-49F2-A43F-5278B507ED77}.Debug|iPhoneSimulator.Deploy.0 = Debug|Any CPU
		{C47AAF30-D2BB-49F2-A43F-5278B507ED77}.Debug|x64.ActiveCfg = Debug|Any CPU
		{C47AAF30-D2BB-49F2-A43F-5278B507ED77}.Debug|x64.Build.0 = Debug|Any CPU
		{C47AAF30-D2BB-49F2-A43F-5278B507ED77}.Debug|x64.Deploy.0 = Debug|Any CPU
		{C47AAF30-D2BB-49F2-A43F-5278B507ED77}.Debug|x86.ActiveCfg = Debug|Any CPU
		{C47AAF30-D2BB-49F2-A43F-5278B507ED77}.Debug|x86.Build.0 = Debug|Any CPU
		{C47AAF30-D2BB-49F2-A43F-5278B507ED77}.Debug|x86.Deploy.0 = Debug|Any CPU
		{C47AAF30-D2BB-49F2-A43F-5278B507ED77}.Release|Any CPU.ActiveCfg = Release|Any CPU
		{C47AAF30-D2BB-49F2-A43F-5278B507ED77}.Release|Any CPU.Build.0 = Release|Any CPU
		{C47AAF30-D2BB-49F2-A43F-5278B507ED77}.Release|Any CPU.Deploy.0 = Release|Any CPU
		{C47AAF30-D2BB-49F2-A43F-5278B507ED77}.Release|ARM.ActiveCfg = Release|Any CPU
		{C47AAF30-D2BB-49F2-A43F-5278B507ED77}.Release|ARM.Build.0 = Release|Any CPU
		{C47AAF30-D2BB-49F2-A43F-5278B507ED77}.Release|ARM.Deploy.0 = Release|Any CPU
		{C47AAF30-D2BB-49F2-A43F-5278B507ED77}.Release|iPhone.ActiveCfg = Release|Any CPU
		{C47AAF30-D2BB-49F2-A43F-5278B507ED77}.Release|iPhone.Build.0 = Release|Any CPU
		{C47AAF30-D2BB-49F2-A43F-5278B507ED77}.Release|iPhone.Deploy.0 = Release|Any CPU
		{C47AAF30-D2BB-49F2-A43F-5278B507ED77}.Release|iPhoneSimulator.ActiveCfg = Release|Any CPU
		{C47AAF30-D2BB-49F2-A43F-5278B507ED77}.Release|iPhoneSimulator.Build.0 = Release|Any CPU
		{C47AAF30-D2BB-49F2-A43F-5278B507ED77}.Release|iPhoneSimulator.Deploy.0 = Release|Any CPU
		{C47AAF30-D2BB-49F2-A43F-5278B507ED77}.Release|x64.ActiveCfg = Release|Any CPU
		{C47AAF30-D2BB-49F2-A43F-5278B507ED77}.Release|x64.Build.0 = Release|Any CPU
		{C47AAF30-D2BB-49F2-A43F-5278B507ED77}.Release|x64.Deploy.0 = Release|Any CPU
		{C47AAF30-D2BB-49F2-A43F-5278B507ED77}.Release|x86.ActiveCfg = Release|Any CPU
		{C47AAF30-D2BB-49F2-A43F-5278B507ED77}.Release|x86.Build.0 = Release|Any CPU
		{C47AAF30-D2BB-49F2-A43F-5278B507ED77}.Release|x86.Deploy.0 = Release|Any CPU
		{54B6F35E-DFAE-4A6F-8919-5A8F067B17C4}.Debug|Any CPU.ActiveCfg = Debug|Any CPU
		{54B6F35E-DFAE-4A6F-8919-5A8F067B17C4}.Debug|Any CPU.Build.0 = Debug|Any CPU
		{54B6F35E-DFAE-4A6F-8919-5A8F067B17C4}.Debug|ARM.ActiveCfg = Debug|Any CPU
		{54B6F35E-DFAE-4A6F-8919-5A8F067B17C4}.Debug|ARM.Build.0 = Debug|Any CPU
		{54B6F35E-DFAE-4A6F-8919-5A8F067B17C4}.Debug|iPhone.ActiveCfg = Debug|Any CPU
		{54B6F35E-DFAE-4A6F-8919-5A8F067B17C4}.Debug|iPhone.Build.0 = Debug|Any CPU
		{54B6F35E-DFAE-4A6F-8919-5A8F067B17C4}.Debug|iPhoneSimulator.ActiveCfg = Debug|Any CPU
		{54B6F35E-DFAE-4A6F-8919-5A8F067B17C4}.Debug|iPhoneSimulator.Build.0 = Debug|Any CPU
		{54B6F35E-DFAE-4A6F-8919-5A8F067B17C4}.Debug|x64.ActiveCfg = Debug|Any CPU
		{54B6F35E-DFAE-4A6F-8919-5A8F067B17C4}.Debug|x64.Build.0 = Debug|Any CPU
		{54B6F35E-DFAE-4A6F-8919-5A8F067B17C4}.Debug|x86.ActiveCfg = Debug|Any CPU
		{54B6F35E-DFAE-4A6F-8919-5A8F067B17C4}.Debug|x86.Build.0 = Debug|Any CPU
		{54B6F35E-DFAE-4A6F-8919-5A8F067B17C4}.Release|Any CPU.ActiveCfg = Release|Any CPU
		{54B6F35E-DFAE-4A6F-8919-5A8F067B17C4}.Release|Any CPU.Build.0 = Release|Any CPU
		{54B6F35E-DFAE-4A6F-8919-5A8F067B17C4}.Release|ARM.ActiveCfg = Release|Any CPU
		{54B6F35E-DFAE-4A6F-8919-5A8F067B17C4}.Release|ARM.Build.0 = Release|Any CPU
		{54B6F35E-DFAE-4A6F-8919-5A8F067B17C4}.Release|iPhone.ActiveCfg = Release|Any CPU
		{54B6F35E-DFAE-4A6F-8919-5A8F067B17C4}.Release|iPhone.Build.0 = Release|Any CPU
		{54B6F35E-DFAE-4A6F-8919-5A8F067B17C4}.Release|iPhoneSimulator.ActiveCfg = Release|Any CPU
		{54B6F35E-DFAE-4A6F-8919-5A8F067B17C4}.Release|iPhoneSimulator.Build.0 = Release|Any CPU
		{54B6F35E-DFAE-4A6F-8919-5A8F067B17C4}.Release|x64.ActiveCfg = Release|Any CPU
		{54B6F35E-DFAE-4A6F-8919-5A8F067B17C4}.Release|x64.Build.0 = Release|Any CPU
		{54B6F35E-DFAE-4A6F-8919-5A8F067B17C4}.Release|x86.ActiveCfg = Release|Any CPU
		{54B6F35E-DFAE-4A6F-8919-5A8F067B17C4}.Release|x86.Build.0 = Release|Any CPU
	EndGlobalSection
	GlobalSection(SolutionProperties) = preSolution
		HideSolutionNode = FALSE
	EndGlobalSection
	GlobalSection(ExtensibilityGlobals) = postSolution
		SolutionGuid = {E7F5BDA1-979E-439C-97CF-B6216A1E3402}
	EndGlobalSection
EndGlobal
